// !$*UTF8*$!
{
	archiveVersion = 1;
	classes = {
	};
	objectVersion = 50;
	objects = {

/* Begin PBXBuildFile section */
		C6112FB2240308E100A97363 /* AppDelegate.swift in Sources */ = {isa = PBXBuildFile; fileRef = C6112FB1240308E100A97363 /* AppDelegate.swift */; };
		C6112FB4240308E100A97363 /* SceneDelegate.swift in Sources */ = {isa = PBXBuildFile; fileRef = C6112FB3240308E100A97363 /* SceneDelegate.swift */; };
		C6112FB6240308E100A97363 /* SetTimerVC.swift in Sources */ = {isa = PBXBuildFile; fileRef = C6112FB5240308E100A97363 /* SetTimerVC.swift */; };
		C6112FB9240308E100A97363 /* Main.storyboard in Resources */ = {isa = PBXBuildFile; fileRef = C6112FB7240308E100A97363 /* Main.storyboard */; };
		C6112FBB240308E200A97363 /* Assets.xcassets in Resources */ = {isa = PBXBuildFile; fileRef = C6112FBA240308E200A97363 /* Assets.xcassets */; };
		C6112FBE240308E200A97363 /* LaunchScreen.storyboard in Resources */ = {isa = PBXBuildFile; fileRef = C6112FBC240308E200A97363 /* LaunchScreen.storyboard */; };
		C6112FC624030AA000A97363 /* ManageTimerVC.swift in Sources */ = {isa = PBXBuildFile; fileRef = C6112FC524030AA000A97363 /* ManageTimerVC.swift */; };
		C6112FC824030D5B00A97363 /* PendingNotifications.swift in Sources */ = {isa = PBXBuildFile; fileRef = C6112FC724030D5B00A97363 /* PendingNotifications.swift */; };
/* End PBXBuildFile section */

/* Begin PBXFileReference section */
		C6112FAE240308E100A97363 /* LocalNotificationsLab.app */ = {isa = PBXFileReference; explicitFileType = wrapper.application; includeInIndex = 0; path = LocalNotificationsLab.app; sourceTree = BUILT_PRODUCTS_DIR; };
		C6112FB1240308E100A97363 /* AppDelegate.swift */ = {isa = PBXFileReference; lastKnownFileType = sourcecode.swift; path = AppDelegate.swift; sourceTree = "<group>"; };
		C6112FB3240308E100A97363 /* SceneDelegate.swift */ = {isa = PBXFileReference; lastKnownFileType = sourcecode.swift; path = SceneDelegate.swift; sourceTree = "<group>"; };
		C6112FB5240308E100A97363 /* SetTimerVC.swift */ = {isa = PBXFileReference; lastKnownFileType = sourcecode.swift; path = SetTimerVC.swift; sourceTree = "<group>"; };
		C6112FB8240308E100A97363 /* Base */ = {isa = PBXFileReference; lastKnownFileType = file.storyboard; name = Base; path = Base.lproj/Main.storyboard; sourceTree = "<group>"; };
		C6112FBA240308E200A97363 /* Assets.xcassets */ = {isa = PBXFileReference; lastKnownFileType = folder.assetcatalog; path = Assets.xcassets; sourceTree = "<group>"; };
		C6112FBD240308E200A97363 /* Base */ = {isa = PBXFileReference; lastKnownFileType = file.storyboard; name = Base; path = Base.lproj/LaunchScreen.storyboard; sourceTree = "<group>"; };
		C6112FBF240308E200A97363 /* Info.plist */ = {isa = PBXFileReference; lastKnownFileType = text.plist.xml; path = Info.plist; sourceTree = "<group>"; };
		C6112FC524030AA000A97363 /* ManageTimerVC.swift */ = {isa = PBXFileReference; lastKnownFileType = sourcecode.swift; path = ManageTimerVC.swift; sourceTree = "<group>"; };
		C6112FC724030D5B00A97363 /* PendingNotifications.swift */ = {isa = PBXFileReference; lastKnownFileType = sourcecode.swift; path = PendingNotifications.swift; sourceTree = "<group>"; };
/* End PBXFileReference section */

/* Begin PBXFrameworksBuildPhase section */
		C6112FAB240308E100A97363 /* Frameworks */ = {
			isa = PBXFrameworksBuildPhase;
			buildActionMask = 2147483647;
			files = (
			);
			runOnlyForDeploymentPostprocessing = 0;
		};
/* End PBXFrameworksBuildPhase section */

/* Begin PBXGroup section */
		C6112FA5240308E100A97363 = {
			isa = PBXGroup;
			children = (
				C6112FB0240308E100A97363 /* LocalNotificationsLab */,
				C6112FAF240308E100A97363 /* Products */,
			);
			sourceTree = "<group>";
		};
		C6112FAF240308E100A97363 /* Products */ = {
			isa = PBXGroup;
			children = (
				C6112FAE240308E100A97363 /* LocalNotificationsLab.app */,
			);
			name = Products;
			sourceTree = "<group>";
		};
		C6112FB0240308E100A97363 /* LocalNotificationsLab */ = {
			isa = PBXGroup;
			children = (
				C6112FB1240308E100A97363 /* AppDelegate.swift */,
				C6112FB3240308E100A97363 /* SceneDelegate.swift */,
				C6112FC724030D5B00A97363 /* PendingNotifications.swift */,
				C6112FC524030AA000A97363 /* ManageTimerVC.swift */,
				C6112FB5240308E100A97363 /* SetTimerVC.swift */,
				C6112FB7240308E100A97363 /* Main.storyboard */,
				C6112FBA240308E200A97363 /* Assets.xcassets */,
				C6112FBC240308E200A97363 /* LaunchScreen.storyboard */,
				C6112FBF240308E200A97363 /* Info.plist */,
			);
			path = LocalNotificationsLab;
			sourceTree = "<group>";
		};
/* End PBXGroup section */

/* Begin PBXNativeTarget section */
		C6112FAD240308E100A97363 /* LocalNotificationsLab */ = {
			isa = PBXNativeTarget;
			buildConfigurationList = C6112FC2240308E200A97363 /* Build configuration list for PBXNativeTarget "LocalNotificationsLab" */;
			buildPhases = (
				C6112FAA240308E100A97363 /* Sources */,
				C6112FAB240308E100A97363 /* Frameworks */,
				C6112FAC240308E100A97363 /* Resources */,
			);
			buildRules = (
			);
			dependencies = (
			);
			name = LocalNotificationsLab;
			productName = LocalNotificationsLab;
			productReference = C6112FAE240308E100A97363 /* LocalNotificationsLab.app */;
			productType = "com.apple.product-type.application";
		};
/* End PBXNativeTarget section */

/* Begin PBXProject section */
		C6112FA6240308E100A97363 /* Project object */ = {
			isa = PBXProject;
			attributes = {
				LastSwiftUpdateCheck = 1130;
				LastUpgradeCheck = 1130;
				ORGANIZATIONNAME = "casandra grullon";
				TargetAttributes = {
					C6112FAD240308E100A97363 = {
						CreatedOnToolsVersion = 11.3.1;
					};
				};
			};
			buildConfigurationList = C6112FA9240308E100A97363 /* Build configuration list for PBXProject "LocalNotificationsLab" */;
			compatibilityVersion = "Xcode 9.3";
			developmentRegion = en;
			hasScannedForEncodings = 0;
			knownRegions = (
				en,
				Base,
			);
			mainGroup = C6112FA5240308E100A97363;
			productRefGroup = C6112FAF240308E100A97363 /* Products */;
			projectDirPath = "";
			projectRoot = "";
			targets = (
				C6112FAD240308E100A97363 /* LocalNotificationsLab */,
			);
		};
/* End PBXProject section */

/* Begin PBXResourcesBuildPhase section */
		C6112FAC240308E100A97363 /* Resources */ = {
			isa = PBXResourcesBuildPhase;
			buildActionMask = 2147483647;
			files = (
				C6112FBE240308E200A97363 /* LaunchScreen.storyboard in Resources */,
				C6112FBB240308E200A97363 /* Assets.xcassets in Resources */,
				C6112FB9240308E100A97363 /* Main.storyboard in Resources */,
			);
			runOnlyForDeploymentPostprocessing = 0;
		};
/* End PBXResourcesBuildPhase section */

/* Begin PBXSourcesBuildPhase section */
		C6112FAA240308E100A97363 /* Sources */ = {
			isa = PBXSourcesBuildPhase;
			buildActionMask = 2147483647;
			files = (
				C6112FB6240308E100A97363 /* SetTimerVC.swift in Sources */,
				C6112FC624030AA000A97363 /* ManageTimerVC.swift in Sources */,
				C6112FB2240308E100A97363 /* AppDelegate.swift in Sources */,
				C6112FB4240308E100A97363 /* SceneDelegate.swift in Sources */,
				C6112FC824030D5B00A97363 /* PendingNotifications.swift in Sources */,
			);
			runOnlyForDeploymentPostprocessing = 0;
		};
/* End PBXSourcesBuildPhase section */

/* Begin PBXVariantGroup section */
		C6112FB7240308E100A97363 /* Main.storyboard */ = {
			isa = PBXVariantGroup;
			children = (
				C6112FB8240308E100A97363 /* Base */,
			);
			name = Main.storyboard;
			sourceTree = "<group>";
		};
		C6112FBC240308E200A97363 /* LaunchScreen.storyboard */ = {
			isa = PBXVariantGroup;
			children = (
				C6112FBD240308E200A97363 /* Base */,
			);
			name = LaunchScreen.storyboard;
			sourceTree = "<group>";
		};
/* End PBXVariantGroup section */

/* Begin XCBuildConfiguration section */
		C6112FC0240308E200A97363 /* Debug */ = {
			isa = XCBuildConfiguration;
			buildSettings = {
				ALWAYS_SEARCH_USER_PATHS = NO;
				CLANG_ANALYZER_NONNULL = YES;
				CLANG_ANALYZER_NUMBER_OBJECT_CONVERSION = YES_AGGRESSIVE;
				CLANG_CXX_LANGUAGE_STANDARD = "gnu++14";
				CLANG_CXX_LIBRARY = "libc++";
				CLANG_ENABLE_MODULES = YES;
				CLANG_ENABLE_OBJC_ARC = YES;
				CLANG_ENABLE_OBJC_WEAK = YES;
				CLANG_WARN_BLOCK_CAPTURE_AUTORELEASING = YES;
				CLANG_WARN_BOOL_CONVERSION = YES;
				CLANG_WARN_COMMA = YES;
				CLANG_WARN_CONSTANT_CONVERSION = YES;
				CLANG_WARN_DEPRECATED_OBJC_IMPLEMENTATIONS = YES;
				CLANG_WARN_DIRECT_OBJC_ISA_USAGE = YES_ERROR;
				CLANG_WARN_DOCUMENTATION_COMMENTS = YES;
				CLANG_WARN_EMPTY_BODY = YES;
				CLANG_WARN_ENUM_CONVERSION = YES;
				CLANG_WARN_INFINITE_RECURSION = YES;
				CLANG_WARN_INT_CONVERSION = YES;
				CLANG_WARN_NON_LITERAL_NULL_CONVERSION = YES;
				CLANG_WARN_OBJC_IMPLICIT_RETAIN_SELF = YES;
				CLANG_WARN_OBJC_LITERAL_CONVERSION = YES;
				CLANG_WARN_OBJC_ROOT_CLASS = YES_ERROR;
				CLANG_WARN_RANGE_LOOP_ANALYSIS = YES;
				CLANG_WARN_STRICT_PROTOTYPES = YES;
				CLANG_WARN_SUSPICIOUS_MOVE = YES;
				CLANG_WARN_UNGUARDED_AVAILABILITY = YES_AGGRESSIVE;
				CLANG_WARN_UNREACHABLE_CODE = YES;
				CLANG_WARN__DUPLICATE_METHOD_MATCH = YES;
				COPY_PHASE_STRIP = NO;
				DEBUG_INFORMATION_FORMAT = dwarf;
				ENABLE_STRICT_OBJC_MSGSEND = YES;
				ENABLE_TESTABILITY = YES;
				GCC_C_LANGUAGE_STANDARD = gnu11;
				GCC_DYNAMIC_NO_PIC = NO;
				GCC_NO_COMMON_BLOCKS = YES;
				GCC_OPTIMIZATION_LEVEL = 0;
				GCC_PREPROCESSOR_DEFINITIONS = (
					"DEBUG=1",
					"$(inherited)",
				);
				GCC_WARN_64_TO_32_BIT_CONVERSION = YES;
				GCC_WARN_ABOUT_RETURN_TYPE = YES_ERROR;
				GCC_WARN_UNDECLARED_SELECTOR = YES;
				GCC_WARN_UNINITIALIZED_AUTOS = YES_AGGRESSIVE;
				GCC_WARN_UNUSED_FUNCTION = YES;
				GCC_WARN_UNUSED_VARIABLE = YES;
				IPHONEOS_DEPLOYMENT_TARGET = 13.2;
				MTL_ENABLE_DEBUG_INFO = INCLUDE_SOURCE;
				MTL_FAST_MATH = YES;
				ONLY_ACTIVE_ARCH = YES;
				SDKROOT = iphoneos;
				SWIFT_ACTIVE_COMPILATION_CONDITIONS = DEBUG;
				SWIFT_OPTIMIZATION_LEVEL = "-Onone";
			};
			name = Debug;
		};
		C6112FC1240308E200A97363 /* Release */ = {
			isa = XCBuildConfiguration;
			buildSettings = {
				ALWAYS_SEARCH_USER_PATHS = NO;
				CLANG_ANALYZER_NONNULL = YES;
				CLANG_ANALYZER_NUMBER_OBJECT_CONVERSION = YES_AGGRESSIVE;
				CLANG_CXX_LANGUAGE_STANDARD = "gnu++14";
				CLANG_CXX_LIBRARY = "libc++";
				CLANG_ENABLE_MODULES = YES;
				CLANG_ENABLE_OBJC_ARC = YES;
				CLANG_ENABLE_OBJC_WEAK = YES;
				CLANG_WARN_BLOCK_CAPTURE_AUTORELEASING = YES;
				CLANG_WARN_BOOL_CONVERSION = YES;
				CLANG_WARN_COMMA = YES;
				CLANG_WARN_CONSTANT_CONVERSION = YES;
				CLANG_WARN_DEPRECATED_OBJC_IMPLEMENTATIONS = YES;
				CLANG_WARN_DIRECT_OBJC_ISA_USAGE = YES_ERROR;
				CLANG_WARN_DOCUMENTATION_COMMENTS = YES;
				CLANG_WARN_EMPTY_BODY = YES;
				CLANG_WARN_ENUM_CONVERSION = YES;
				CLANG_WARN_INFINITE_RECURSION = YES;
				CLANG_WARN_INT_CONVERSION = YES;
				CLANG_WARN_NON_LITERAL_NULL_CONVERSION = YES;
				CLANG_WARN_OBJC_IMPLICIT_RETAIN_SELF = YES;
				CLANG_WARN_OBJC_LITERAL_CONVERSION = YES;
				CLANG_WARN_OBJC_ROOT_CLASS = YES_ERROR;
				CLANG_WARN_RANGE_LOOP_ANALYSIS = YES;
				CLANG_WARN_STRICT_PROTOTYPES = YES;
				CLANG_WARN_SUSPICIOUS_MOVE = YES;
				CLANG_WARN_UNGUARDED_AVAILABILITY = YES_AGGRESSIVE;
				CLANG_WARN_UNREACHABLE_CODE = YES;
				CLANG_WARN__DUPLICATE_METHOD_MATCH = YES;
				COPY_PHASE_STRIP = NO;
				DEBUG_INFORMATION_FORMAT = "dwarf-with-dsym";
				ENABLE_NS_ASSERTIONS = NO;
				ENABLE_STRICT_OBJC_MSGSEND = YES;
				GCC_C_LANGUAGE_STANDARD = gnu11;
				GCC_NO_COMMON_BLOCKS = YES;
				GCC_WARN_64_TO_32_BIT_CONVERSION = YES;
				GCC_WARN_ABOUT_RETURN_TYPE = YES_ERROR;
				GCC_WARN_UNDECLARED_SELECTOR = YES;
				GCC_WARN_UNINITIALIZED_AUTOS = YES_AGGRESSIVE;
				GCC_WARN_UNUSED_FUNCTION = YES;
				GCC_WARN_UNUSED_VARIABLE = YES;
				IPHONEOS_DEPLOYMENT_TARGET = 13.2;
				MTL_ENABLE_DEBUG_INFO = NO;
				MTL_FAST_MATH = YES;
				SDKROOT = iphoneos;
				SWIFT_COMPILATION_MODE = wholemodule;
				SWIFT_OPTIMIZATION_LEVEL = "-O";
				VALIDATE_PRODUCT = YES;
			};
			name = Release;
		};
		C6112FC3240308E200A97363 /* Debug */ = {
			isa = XCBuildConfiguration;
			buildSettings = {
				ASSETCATALOG_COMPILER_APPICON_NAME = AppIcon;
				CODE_SIGN_STYLE = Automatic;
				DEVELOPMENT_TEAM = JRUP55ZMLQ;
				INFOPLIST_FILE = LocalNotificationsLab/Info.plist;
				LD_RUNPATH_SEARCH_PATHS = (
					"$(inherited)",
					"@executable_path/Frameworks",
				);
				PRODUCT_BUNDLE_IDENTIFIER = com.casandragrullon.LocalNotificationsLab;
				PRODUCT_NAME = "$(TARGET_NAME)";
				SWIFT_VERSION = 5.0;
				TARGETED_DEVICE_FAMILY = "1,2";
			};
			name = Debug;
		};
		C6112FC4240308E200A97363 /* Release */ = {
			isa = XCBuildConfiguration;
			buildSettings = {
				ASSETCATALOG_COMPILER_APPICON_NAME = AppIcon;
				CODE_SIGN_STYLE = Automatic;
				DEVELOPMENT_TEAM = JRUP55ZMLQ;
				INFOPLIST_FILE = LocalNotificationsLab/Info.plist;
				LD_RUNPATH_SEARCH_PATHS = (
					"$(inherited)",
					"@executable_path/Frameworks",
				);
				PRODUCT_BUNDLE_IDENTIFIER = com.casandragrullon.LocalNotificationsLab;
				PRODUCT_NAME = "$(TARGET_NAME)";
				SWIFT_VERSION = 5.0;
				TARGETED_DEVICE_FAMILY = "1,2";
			};
			name = Release;
		};
/* End XCBuildConfiguration section */

/* Begin XCConfigurationList section */
		C6112FA9240308E100A97363 /* Build configuration list for PBXProject "LocalNotificationsLab" */ = {
			isa = XCConfigurationList;
			buildConfigurations = (
				C6112FC0240308E200A97363 /* Debug */,
				C6112FC1240308E200A97363 /* Release */,
			);
			defaultConfigurationIsVisible = 0;
			defaultConfigurationName = Release;
		};
		C6112FC2240308E200A97363 /* Build configuration list for PBXNativeTarget "LocalNotificationsLab" */ = {
			isa = XCConfigurationList;
			buildConfigurations = (
				C6112FC3240308E200A97363 /* Debug */,
				C6112FC4240308E200A97363 /* Release */,
			);
			defaultConfigurationIsVisible = 0;
			defaultConfigurationName = Release;
		};
/* End XCConfigurationList section */
	};
	rootObject = C6112FA6240308E100A97363 /* Project object */;
}
